
Microsoft Visual Studio Solution File, Format Version 12.00
# Visual Studio Version 17
VisualStudioVersion = 17.0.31825.309
MinimumVisualStudioVersion = 10.0.40219.1
Project("{FAE04EC0-301F-11D3-BF4B-00C04F79EFBC}") = "DACNTT", "DACNTT\DACNTT.csproj", "{9A312D27-110C-4327-BB7F-21A189AE7E1F}"
EndProject
Global
	GlobalSection(SolutionConfigurationPlatforms) = preSolution
		Debug|Any CPU = Debug|Any CPU
		Release|Any CPU = Release|Any CPU
	EndGlobalSection
	GlobalSection(ProjectConfigurationPlatforms) = postSolution
		{9A312D27-110C-4327-BB7F-21A189AE7E1F}.Debug|Any CPU.ActiveCfg = Debug|Any CPU
		{9A312D27-110C-4327-BB7F-21A189AE7E1F}.Debug|Any CPU.Build.0 = Debug|Any CPU
		{9A312D27-110C-4327-BB7F-21A189AE7E1F}.Release|Any CPU.ActiveCfg = Release|Any CPU
		{9A312D27-110C-4327-BB7F-21A189AE7E1F}.Release|Any CPU.Build.0 = Release|Any CPU
	EndGlobalSection
	GlobalSection(SolutionProperties) = preSolution
		HideSolutionNode = FALSE
	EndGlobalSection
	GlobalSection(ExtensibilityGlobals) = postSolution
		SolutionGuid = {5ECB6176-4277-4022-8B02-CD592D0668B3}
	EndGlobalSection
EndGlobal
